<?xml version="1.0" encoding="UTF-8"?>
<CodeBlocks_project_file>
	<FileVersion major="1" minor="6"/>
	<Project>
		<Option title="coreutils_cpp"/>
		<Option makefile_is_custom="1"/>
		<Option compiler="gcc"/>
		<Option virtualFolders="CMake Files\;CMake Files\..\;CMake Files\..\..\;CMake Files\..\..\..\;CMake Files\..\..\..\..\;CMake Files\..\..\..\..\..\;CMake Files\..\..\..\..\..\..\;CMake Files\..\..\..\..\..\..\usr\;CMake Files\..\..\..\..\..\..\usr\local\;CMake Files\..\..\..\..\..\..\usr\local\lib\;CMake Files\..\..\..\..\..\..\usr\local\lib\cmake\;CMake Files\..\..\..\..\..\..\usr\local\lib\cmake\docopt\;"/>
		<Build>
			<Target title="all">
				<Option working_dir="/home/todd/work/Developer/C++/coreutils-cpp"/>
				<Option type="4"/>
				<MakeCommands>
					<Build command="/usr/bin/make -f &quot;/home/todd/work/Developer/C++/coreutils-cpp/Makefile&quot;  VERBOSE=1 all"/>
					<CompileFile command="/usr/bin/make -f &quot;/home/todd/work/Developer/C++/coreutils-cpp/Makefile&quot;  VERBOSE=1 &quot;$file&quot;"/>
					<Clean command="/usr/bin/make -f &quot;/home/todd/work/Developer/C++/coreutils-cpp/Makefile&quot;  VERBOSE=1 clean"/>
					<DistClean command="/usr/bin/make -f &quot;/home/todd/work/Developer/C++/coreutils-cpp/Makefile&quot;  VERBOSE=1 clean"/>
				</MakeCommands>
			</Target>
			<Target title="b2sum">
				<Option output="/home/todd/work/Developer/C++/coreutils-cpp/build/b2sum" prefix_auto="0" extension_auto="0"/>
				<Option working_dir="build"/>
				<Option object_output="./"/>
				<Option type="1"/>
				<Option compiler="gcc"/>
				<Compiler>
					<Add directory="/home/todd/work/Developer/C++/coreutils-cpp/src/include"/>
					<Add directory="/usr/local/include/docopt"/>
				</Compiler>
				<MakeCommands>
					<Build command="/usr/bin/make -f &quot;/home/todd/work/Developer/C++/coreutils-cpp/Makefile&quot;  VERBOSE=1 b2sum"/>
					<CompileFile command="/usr/bin/make -f &quot;/home/todd/work/Developer/C++/coreutils-cpp/Makefile&quot;  VERBOSE=1 &quot;$file&quot;"/>
					<Clean command="/usr/bin/make -f &quot;/home/todd/work/Developer/C++/coreutils-cpp/Makefile&quot;  VERBOSE=1 clean"/>
					<DistClean command="/usr/bin/make -f &quot;/home/todd/work/Developer/C++/coreutils-cpp/Makefile&quot;  VERBOSE=1 clean"/>
				</MakeCommands>
			</Target>
			<Target title="b2sum/fast">
				<Option output="/home/todd/work/Developer/C++/coreutils-cpp/build/b2sum" prefix_auto="0" extension_auto="0"/>
				<Option working_dir="build"/>
				<Option object_output="./"/>
				<Option type="1"/>
				<Option compiler="gcc"/>
				<Compiler>
					<Add directory="/home/todd/work/Developer/C++/coreutils-cpp/src/include"/>
					<Add directory="/usr/local/include/docopt"/>
				</Compiler>
				<MakeCommands>
					<Build command="/usr/bin/make -f &quot;/home/todd/work/Developer/C++/coreutils-cpp/Makefile&quot;  VERBOSE=1 b2sum/fast"/>
					<CompileFile command="/usr/bin/make -f &quot;/home/todd/work/Developer/C++/coreutils-cpp/Makefile&quot;  VERBOSE=1 &quot;$file&quot;"/>
					<Clean command="/usr/bin/make -f &quot;/home/todd/work/Developer/C++/coreutils-cpp/Makefile&quot;  VERBOSE=1 clean"/>
					<DistClean command="/usr/bin/make -f &quot;/home/todd/work/Developer/C++/coreutils-cpp/Makefile&quot;  VERBOSE=1 clean"/>
				</MakeCommands>
			</Target>
			<Target title="touch">
				<Option output="/home/todd/work/Developer/C++/coreutils-cpp/build/touch" prefix_auto="0" extension_auto="0"/>
				<Option working_dir="build"/>
				<Option object_output="./"/>
				<Option type="1"/>
				<Option compiler="gcc"/>
				<Compiler>
					<Add directory="/home/todd/work/Developer/C++/coreutils-cpp/src/include"/>
					<Add directory="/usr/local/include/docopt"/>
				</Compiler>
				<MakeCommands>
					<Build command="/usr/bin/make -f &quot;/home/todd/work/Developer/C++/coreutils-cpp/Makefile&quot;  VERBOSE=1 touch"/>
					<CompileFile command="/usr/bin/make -f &quot;/home/todd/work/Developer/C++/coreutils-cpp/Makefile&quot;  VERBOSE=1 &quot;$file&quot;"/>
					<Clean command="/usr/bin/make -f &quot;/home/todd/work/Developer/C++/coreutils-cpp/Makefile&quot;  VERBOSE=1 clean"/>
					<DistClean command="/usr/bin/make -f &quot;/home/todd/work/Developer/C++/coreutils-cpp/Makefile&quot;  VERBOSE=1 clean"/>
				</MakeCommands>
			</Target>
			<Target title="touch/fast">
				<Option output="/home/todd/work/Developer/C++/coreutils-cpp/build/touch" prefix_auto="0" extension_auto="0"/>
				<Option working_dir="build"/>
				<Option object_output="./"/>
				<Option type="1"/>
				<Option compiler="gcc"/>
				<Compiler>
					<Add directory="/home/todd/work/Developer/C++/coreutils-cpp/src/include"/>
					<Add directory="/usr/local/include/docopt"/>
				</Compiler>
				<MakeCommands>
					<Build command="/usr/bin/make -f &quot;/home/todd/work/Developer/C++/coreutils-cpp/Makefile&quot;  VERBOSE=1 touch/fast"/>
					<CompileFile command="/usr/bin/make -f &quot;/home/todd/work/Developer/C++/coreutils-cpp/Makefile&quot;  VERBOSE=1 &quot;$file&quot;"/>
					<Clean command="/usr/bin/make -f &quot;/home/todd/work/Developer/C++/coreutils-cpp/Makefile&quot;  VERBOSE=1 clean"/>
					<DistClean command="/usr/bin/make -f &quot;/home/todd/work/Developer/C++/coreutils-cpp/Makefile&quot;  VERBOSE=1 clean"/>
				</MakeCommands>
			</Target>
			<Target title="basename">
				<Option output="/home/todd/work/Developer/C++/coreutils-cpp/build/basename" prefix_auto="0" extension_auto="0"/>
				<Option working_dir="build"/>
				<Option object_output="./"/>
				<Option type="1"/>
				<Option compiler="gcc"/>
				<Compiler>
					<Add directory="/home/todd/work/Developer/C++/coreutils-cpp/src/include"/>
					<Add directory="/usr/local/include/docopt"/>
				</Compiler>
				<MakeCommands>
					<Build command="/usr/bin/make -f &quot;/home/todd/work/Developer/C++/coreutils-cpp/Makefile&quot;  VERBOSE=1 basename"/>
					<CompileFile command="/usr/bin/make -f &quot;/home/todd/work/Developer/C++/coreutils-cpp/Makefile&quot;  VERBOSE=1 &quot;$file&quot;"/>
					<Clean command="/usr/bin/make -f &quot;/home/todd/work/Developer/C++/coreutils-cpp/Makefile&quot;  VERBOSE=1 clean"/>
					<DistClean command="/usr/bin/make -f &quot;/home/todd/work/Developer/C++/coreutils-cpp/Makefile&quot;  VERBOSE=1 clean"/>
				</MakeCommands>
			</Target>
			<Target title="basename/fast">
				<Option output="/home/todd/work/Developer/C++/coreutils-cpp/build/basename" prefix_auto="0" extension_auto="0"/>
				<Option working_dir="build"/>
				<Option object_output="./"/>
				<Option type="1"/>
				<Option compiler="gcc"/>
				<Compiler>
					<Add directory="/home/todd/work/Developer/C++/coreutils-cpp/src/include"/>
					<Add directory="/usr/local/include/docopt"/>
				</Compiler>
				<MakeCommands>
					<Build command="/usr/bin/make -f &quot;/home/todd/work/Developer/C++/coreutils-cpp/Makefile&quot;  VERBOSE=1 basename/fast"/>
					<CompileFile command="/usr/bin/make -f &quot;/home/todd/work/Developer/C++/coreutils-cpp/Makefile&quot;  VERBOSE=1 &quot;$file&quot;"/>
					<Clean command="/usr/bin/make -f &quot;/home/todd/work/Developer/C++/coreutils-cpp/Makefile&quot;  VERBOSE=1 clean"/>
					<DistClean command="/usr/bin/make -f &quot;/home/todd/work/Developer/C++/coreutils-cpp/Makefile&quot;  VERBOSE=1 clean"/>
				</MakeCommands>
			</Target>
			<Target title="rebuild_cache">
				<Option working_dir="/home/todd/work/Developer/C++/coreutils-cpp"/>
				<Option type="4"/>
				<MakeCommands>
					<Build command="/usr/bin/make -f &quot;/home/todd/work/Developer/C++/coreutils-cpp/Makefile&quot;  VERBOSE=1 rebuild_cache"/>
					<CompileFile command="/usr/bin/make -f &quot;/home/todd/work/Developer/C++/coreutils-cpp/Makefile&quot;  VERBOSE=1 &quot;$file&quot;"/>
					<Clean command="/usr/bin/make -f &quot;/home/todd/work/Developer/C++/coreutils-cpp/Makefile&quot;  VERBOSE=1 clean"/>
					<DistClean command="/usr/bin/make -f &quot;/home/todd/work/Developer/C++/coreutils-cpp/Makefile&quot;  VERBOSE=1 clean"/>
				</MakeCommands>
			</Target>
			<Target title="chgrp">
				<Option output="/home/todd/work/Developer/C++/coreutils-cpp/build/chgrp" prefix_auto="0" extension_auto="0"/>
				<Option working_dir="build"/>
				<Option object_output="./"/>
				<Option type="1"/>
				<Option compiler="gcc"/>
				<Compiler>
					<Add directory="/home/todd/work/Developer/C++/coreutils-cpp/src/include"/>
					<Add directory="/usr/local/include/docopt"/>
				</Compiler>
				<MakeCommands>
					<Build command="/usr/bin/make -f &quot;/home/todd/work/Developer/C++/coreutils-cpp/Makefile&quot;  VERBOSE=1 chgrp"/>
					<CompileFile command="/usr/bin/make -f &quot;/home/todd/work/Developer/C++/coreutils-cpp/Makefile&quot;  VERBOSE=1 &quot;$file&quot;"/>
					<Clean command="/usr/bin/make -f &quot;/home/todd/work/Developer/C++/coreutils-cpp/Makefile&quot;  VERBOSE=1 clean"/>
					<DistClean command="/usr/bin/make -f &quot;/home/todd/work/Developer/C++/coreutils-cpp/Makefile&quot;  VERBOSE=1 clean"/>
				</MakeCommands>
			</Target>
			<Target title="chgrp/fast">
				<Option output="/home/todd/work/Developer/C++/coreutils-cpp/build/chgrp" prefix_auto="0" extension_auto="0"/>
				<Option working_dir="build"/>
				<Option object_output="./"/>
				<Option type="1"/>
				<Option compiler="gcc"/>
				<Compiler>
					<Add directory="/home/todd/work/Developer/C++/coreutils-cpp/src/include"/>
					<Add directory="/usr/local/include/docopt"/>
				</Compiler>
				<MakeCommands>
					<Build command="/usr/bin/make -f &quot;/home/todd/work/Developer/C++/coreutils-cpp/Makefile&quot;  VERBOSE=1 chgrp/fast"/>
					<CompileFile command="/usr/bin/make -f &quot;/home/todd/work/Developer/C++/coreutils-cpp/Makefile&quot;  VERBOSE=1 &quot;$file&quot;"/>
					<Clean command="/usr/bin/make -f &quot;/home/todd/work/Developer/C++/coreutils-cpp/Makefile&quot;  VERBOSE=1 clean"/>
					<DistClean command="/usr/bin/make -f &quot;/home/todd/work/Developer/C++/coreutils-cpp/Makefile&quot;  VERBOSE=1 clean"/>
				</MakeCommands>
			</Target>
			<Target title="basenc">
				<Option output="/home/todd/work/Developer/C++/coreutils-cpp/build/basenc" prefix_auto="0" extension_auto="0"/>
				<Option working_dir="build"/>
				<Option object_output="./"/>
				<Option type="1"/>
				<Option compiler="gcc"/>
				<Compiler>
					<Add directory="/home/todd/work/Developer/C++/coreutils-cpp/src/include"/>
					<Add directory="/usr/local/include/docopt"/>
				</Compiler>
				<MakeCommands>
					<Build command="/usr/bin/make -f &quot;/home/todd/work/Developer/C++/coreutils-cpp/Makefile&quot;  VERBOSE=1 basenc"/>
					<CompileFile command="/usr/bin/make -f &quot;/home/todd/work/Developer/C++/coreutils-cpp/Makefile&quot;  VERBOSE=1 &quot;$file&quot;"/>
					<Clean command="/usr/bin/make -f &quot;/home/todd/work/Developer/C++/coreutils-cpp/Makefile&quot;  VERBOSE=1 clean"/>
					<DistClean command="/usr/bin/make -f &quot;/home/todd/work/Developer/C++/coreutils-cpp/Makefile&quot;  VERBOSE=1 clean"/>
				</MakeCommands>
			</Target>
			<Target title="basenc/fast">
				<Option output="/home/todd/work/Developer/C++/coreutils-cpp/build/basenc" prefix_auto="0" extension_auto="0"/>
				<Option working_dir="build"/>
				<Option object_output="./"/>
				<Option type="1"/>
				<Option compiler="gcc"/>
				<Compiler>
					<Add directory="/home/todd/work/Developer/C++/coreutils-cpp/src/include"/>
					<Add directory="/usr/local/include/docopt"/>
				</Compiler>
				<MakeCommands>
					<Build command="/usr/bin/make -f &quot;/home/todd/work/Developer/C++/coreutils-cpp/Makefile&quot;  VERBOSE=1 basenc/fast"/>
					<CompileFile command="/usr/bin/make -f &quot;/home/todd/work/Developer/C++/coreutils-cpp/Makefile&quot;  VERBOSE=1 &quot;$file&quot;"/>
					<Clean command="/usr/bin/make -f &quot;/home/todd/work/Developer/C++/coreutils-cpp/Makefile&quot;  VERBOSE=1 clean"/>
					<DistClean command="/usr/bin/make -f &quot;/home/todd/work/Developer/C++/coreutils-cpp/Makefile&quot;  VERBOSE=1 clean"/>
				</MakeCommands>
			</Target>
			<Target title="cat">
				<Option output="/home/todd/work/Developer/C++/coreutils-cpp/build/cat" prefix_auto="0" extension_auto="0"/>
				<Option working_dir="build"/>
				<Option object_output="./"/>
				<Option type="1"/>
				<Option compiler="gcc"/>
				<Compiler>
					<Add directory="/home/todd/work/Developer/C++/coreutils-cpp/src/include"/>
					<Add directory="/usr/local/include/docopt"/>
				</Compiler>
				<MakeCommands>
					<Build command="/usr/bin/make -f &quot;/home/todd/work/Developer/C++/coreutils-cpp/Makefile&quot;  VERBOSE=1 cat"/>
					<CompileFile command="/usr/bin/make -f &quot;/home/todd/work/Developer/C++/coreutils-cpp/Makefile&quot;  VERBOSE=1 &quot;$file&quot;"/>
					<Clean command="/usr/bin/make -f &quot;/home/todd/work/Developer/C++/coreutils-cpp/Makefile&quot;  VERBOSE=1 clean"/>
					<DistClean command="/usr/bin/make -f &quot;/home/todd/work/Developer/C++/coreutils-cpp/Makefile&quot;  VERBOSE=1 clean"/>
				</MakeCommands>
			</Target>
			<Target title="cat/fast">
				<Option output="/home/todd/work/Developer/C++/coreutils-cpp/build/cat" prefix_auto="0" extension_auto="0"/>
				<Option working_dir="build"/>
				<Option object_output="./"/>
				<Option type="1"/>
				<Option compiler="gcc"/>
				<Compiler>
					<Add directory="/home/todd/work/Developer/C++/coreutils-cpp/src/include"/>
					<Add directory="/usr/local/include/docopt"/>
				</Compiler>
				<MakeCommands>
					<Build command="/usr/bin/make -f &quot;/home/todd/work/Developer/C++/coreutils-cpp/Makefile&quot;  VERBOSE=1 cat/fast"/>
					<CompileFile command="/usr/bin/make -f &quot;/home/todd/work/Developer/C++/coreutils-cpp/Makefile&quot;  VERBOSE=1 &quot;$file&quot;"/>
					<Clean command="/usr/bin/make -f &quot;/home/todd/work/Developer/C++/coreutils-cpp/Makefile&quot;  VERBOSE=1 clean"/>
					<DistClean command="/usr/bin/make -f &quot;/home/todd/work/Developer/C++/coreutils-cpp/Makefile&quot;  VERBOSE=1 clean"/>
				</MakeCommands>
			</Target>
			<Target title="chcon">
				<Option output="/home/todd/work/Developer/C++/coreutils-cpp/build/chcon" prefix_auto="0" extension_auto="0"/>
				<Option working_dir="build"/>
				<Option object_output="./"/>
				<Option type="1"/>
				<Option compiler="gcc"/>
				<Compiler>
					<Add directory="/home/todd/work/Developer/C++/coreutils-cpp/src/include"/>
					<Add directory="/usr/local/include/docopt"/>
				</Compiler>
				<MakeCommands>
					<Build command="/usr/bin/make -f &quot;/home/todd/work/Developer/C++/coreutils-cpp/Makefile&quot;  VERBOSE=1 chcon"/>
					<CompileFile command="/usr/bin/make -f &quot;/home/todd/work/Developer/C++/coreutils-cpp/Makefile&quot;  VERBOSE=1 &quot;$file&quot;"/>
					<Clean command="/usr/bin/make -f &quot;/home/todd/work/Developer/C++/coreutils-cpp/Makefile&quot;  VERBOSE=1 clean"/>
					<DistClean command="/usr/bin/make -f &quot;/home/todd/work/Developer/C++/coreutils-cpp/Makefile&quot;  VERBOSE=1 clean"/>
				</MakeCommands>
			</Target>
			<Target title="chcon/fast">
				<Option output="/home/todd/work/Developer/C++/coreutils-cpp/build/chcon" prefix_auto="0" extension_auto="0"/>
				<Option working_dir="build"/>
				<Option object_output="./"/>
				<Option type="1"/>
				<Option compiler="gcc"/>
				<Compiler>
					<Add directory="/home/todd/work/Developer/C++/coreutils-cpp/src/include"/>
					<Add directory="/usr/local/include/docopt"/>
				</Compiler>
				<MakeCommands>
					<Build command="/usr/bin/make -f &quot;/home/todd/work/Developer/C++/coreutils-cpp/Makefile&quot;  VERBOSE=1 chcon/fast"/>
					<CompileFile command="/usr/bin/make -f &quot;/home/todd/work/Developer/C++/coreutils-cpp/Makefile&quot;  VERBOSE=1 &quot;$file&quot;"/>
					<Clean command="/usr/bin/make -f &quot;/home/todd/work/Developer/C++/coreutils-cpp/Makefile&quot;  VERBOSE=1 clean"/>
					<DistClean command="/usr/bin/make -f &quot;/home/todd/work/Developer/C++/coreutils-cpp/Makefile&quot;  VERBOSE=1 clean"/>
				</MakeCommands>
			</Target>
			<Target title="echo">
				<Option output="/home/todd/work/Developer/C++/coreutils-cpp/build/echo" prefix_auto="0" extension_auto="0"/>
				<Option working_dir="build"/>
				<Option object_output="./"/>
				<Option type="1"/>
				<Option compiler="gcc"/>
				<Compiler>
					<Add directory="/home/todd/work/Developer/C++/coreutils-cpp/src/include"/>
					<Add directory="/usr/local/include/docopt"/>
				</Compiler>
				<MakeCommands>
					<Build command="/usr/bin/make -f &quot;/home/todd/work/Developer/C++/coreutils-cpp/Makefile&quot;  VERBOSE=1 echo"/>
					<CompileFile command="/usr/bin/make -f &quot;/home/todd/work/Developer/C++/coreutils-cpp/Makefile&quot;  VERBOSE=1 &quot;$file&quot;"/>
					<Clean command="/usr/bin/make -f &quot;/home/todd/work/Developer/C++/coreutils-cpp/Makefile&quot;  VERBOSE=1 clean"/>
					<DistClean command="/usr/bin/make -f &quot;/home/todd/work/Developer/C++/coreutils-cpp/Makefile&quot;  VERBOSE=1 clean"/>
				</MakeCommands>
			</Target>
			<Target title="echo/fast">
				<Option output="/home/todd/work/Developer/C++/coreutils-cpp/build/echo" prefix_auto="0" extension_auto="0"/>
				<Option working_dir="build"/>
				<Option object_output="./"/>
				<Option type="1"/>
				<Option compiler="gcc"/>
				<Compiler>
					<Add directory="/home/todd/work/Developer/C++/coreutils-cpp/src/include"/>
					<Add directory="/usr/local/include/docopt"/>
				</Compiler>
				<MakeCommands>
					<Build command="/usr/bin/make -f &quot;/home/todd/work/Developer/C++/coreutils-cpp/Makefile&quot;  VERBOSE=1 echo/fast"/>
					<CompileFile command="/usr/bin/make -f &quot;/home/todd/work/Developer/C++/coreutils-cpp/Makefile&quot;  VERBOSE=1 &quot;$file&quot;"/>
					<Clean command="/usr/bin/make -f &quot;/home/todd/work/Developer/C++/coreutils-cpp/Makefile&quot;  VERBOSE=1 clean"/>
					<DistClean command="/usr/bin/make -f &quot;/home/todd/work/Developer/C++/coreutils-cpp/Makefile&quot;  VERBOSE=1 clean"/>
				</MakeCommands>
			</Target>
			<Target title="chmod">
				<Option output="/home/todd/work/Developer/C++/coreutils-cpp/build/chmod" prefix_auto="0" extension_auto="0"/>
				<Option working_dir="build"/>
				<Option object_output="./"/>
				<Option type="1"/>
				<Option compiler="gcc"/>
				<Compiler>
					<Add directory="/home/todd/work/Developer/C++/coreutils-cpp/src/include"/>
					<Add directory="/usr/local/include/docopt"/>
				</Compiler>
				<MakeCommands>
					<Build command="/usr/bin/make -f &quot;/home/todd/work/Developer/C++/coreutils-cpp/Makefile&quot;  VERBOSE=1 chmod"/>
					<CompileFile command="/usr/bin/make -f &quot;/home/todd/work/Developer/C++/coreutils-cpp/Makefile&quot;  VERBOSE=1 &quot;$file&quot;"/>
					<Clean command="/usr/bin/make -f &quot;/home/todd/work/Developer/C++/coreutils-cpp/Makefile&quot;  VERBOSE=1 clean"/>
					<DistClean command="/usr/bin/make -f &quot;/home/todd/work/Developer/C++/coreutils-cpp/Makefile&quot;  VERBOSE=1 clean"/>
				</MakeCommands>
			</Target>
			<Target title="chmod/fast">
				<Option output="/home/todd/work/Developer/C++/coreutils-cpp/build/chmod" prefix_auto="0" extension_auto="0"/>
				<Option working_dir="build"/>
				<Option object_output="./"/>
				<Option type="1"/>
				<Option compiler="gcc"/>
				<Compiler>
					<Add directory="/home/todd/work/Developer/C++/coreutils-cpp/src/include"/>
					<Add directory="/usr/local/include/docopt"/>
				</Compiler>
				<MakeCommands>
					<Build command="/usr/bin/make -f &quot;/home/todd/work/Developer/C++/coreutils-cpp/Makefile&quot;  VERBOSE=1 chmod/fast"/>
					<CompileFile command="/usr/bin/make -f &quot;/home/todd/work/Developer/C++/coreutils-cpp/Makefile&quot;  VERBOSE=1 &quot;$file&quot;"/>
					<Clean command="/usr/bin/make -f &quot;/home/todd/work/Developer/C++/coreutils-cpp/Makefile&quot;  VERBOSE=1 clean"/>
					<DistClean command="/usr/bin/make -f &quot;/home/todd/work/Developer/C++/coreutils-cpp/Makefile&quot;  VERBOSE=1 clean"/>
				</MakeCommands>
			</Target>
			<Target title="edit_cache">
				<Option working_dir="/home/todd/work/Developer/C++/coreutils-cpp"/>
				<Option type="4"/>
				<MakeCommands>
					<Build command="/usr/bin/make -f &quot;/home/todd/work/Developer/C++/coreutils-cpp/Makefile&quot;  VERBOSE=1 edit_cache"/>
					<CompileFile command="/usr/bin/make -f &quot;/home/todd/work/Developer/C++/coreutils-cpp/Makefile&quot;  VERBOSE=1 &quot;$file&quot;"/>
					<Clean command="/usr/bin/make -f &quot;/home/todd/work/Developer/C++/coreutils-cpp/Makefile&quot;  VERBOSE=1 clean"/>
					<DistClean command="/usr/bin/make -f &quot;/home/todd/work/Developer/C++/coreutils-cpp/Makefile&quot;  VERBOSE=1 clean"/>
				</MakeCommands>
			</Target>
		</Build>
		<Unit filename="/home/todd/work/Developer/C++/coreutils-cpp/src/b2sum.cpp">
			<Option target="b2sum"/>
		</Unit>
		<Unit filename="/home/todd/work/Developer/C++/coreutils-cpp/src/basename.cpp">
			<Option target="basename"/>
		</Unit>
		<Unit filename="/home/todd/work/Developer/C++/coreutils-cpp/src/basenc.cpp">
			<Option target="basenc"/>
		</Unit>
		<Unit filename="/home/todd/work/Developer/C++/coreutils-cpp/src/cat.cpp">
			<Option target="cat"/>
		</Unit>
		<Unit filename="/home/todd/work/Developer/C++/coreutils-cpp/src/chcon.cpp">
			<Option target="chcon"/>
		</Unit>
		<Unit filename="/home/todd/work/Developer/C++/coreutils-cpp/src/chgrp.cpp">
			<Option target="chgrp"/>
		</Unit>
		<Unit filename="/home/todd/work/Developer/C++/coreutils-cpp/src/chmod.cpp">
			<Option target="chmod"/>
		</Unit>
		<Unit filename="/home/todd/work/Developer/C++/coreutils-cpp/src/echo.cpp">
			<Option target="echo"/>
		</Unit>
		<Unit filename="/home/todd/work/Developer/C++/coreutils-cpp/src/include/globals.h">
			<Option target="b2sum"/>
			<Option target="touch"/>
			<Option target="basename"/>
			<Option target="chgrp"/>
			<Option target="basenc"/>
			<Option target="cat"/>
			<Option target="chcon"/>
			<Option target="echo"/>
			<Option target="chmod"/>
		</Unit>
		<Unit filename="/home/todd/work/Developer/C++/coreutils-cpp/src/touch.cpp">
			<Option target="touch"/>
		</Unit>
		<Unit filename="/home/todd/work/Developer/C++/coreutils-cpp/CMakeLists.txt">
			<Option virtualFolder="CMake Files\"/>
		</Unit>
		<Unit filename="/home/todd/work/Developer/C++/coreutils-cpp/../../../../../../usr/local/lib/cmake/docopt/docopt-config-version.cmake">
			<Option virtualFolder="CMake Files\..\..\..\..\..\..\usr\local\lib\cmake\docopt\"/>
		</Unit>
		<Unit filename="/home/todd/work/Developer/C++/coreutils-cpp/../../../../../../usr/local/lib/cmake/docopt/docopt-config.cmake">
			<Option virtualFolder="CMake Files\..\..\..\..\..\..\usr\local\lib\cmake\docopt\"/>
		</Unit>
		<Unit filename="/home/todd/work/Developer/C++/coreutils-cpp/../../../../../../usr/local/lib/cmake/docopt/docopt-targets-noconfig.cmake">
			<Option virtualFolder="CMake Files\..\..\..\..\..\..\usr\local\lib\cmake\docopt\"/>
		</Unit>
		<Unit filename="/home/todd/work/Developer/C++/coreutils-cpp/../../../../../../usr/local/lib/cmake/docopt/docopt-targets.cmake">
			<Option virtualFolder="CMake Files\..\..\..\..\..\..\usr\local\lib\cmake\docopt\"/>
		</Unit>
	</Project>
</CodeBlocks_project_file>
