<?xml version="1.0" encoding="UTF-8"?>
<CodeBlocks_project_file>
	<FileVersion major="1" minor="6"/>
	<Project>
		<Option title="coreutils_cpp"/>
		<Option makefile_is_custom="1"/>
		<Option compiler="gcc"/>
		<Option virtualFolders="CMake Files\;CMake Files\..\;CMake Files\..\..\;CMake Files\..\..\..\;CMake Files\..\..\..\..\;CMake Files\..\..\..\..\..\;CMake Files\..\..\..\..\..\..\;CMake Files\..\..\..\..\..\..\usr\;CMake Files\..\..\..\..\..\..\usr\local\;CMake Files\..\..\..\..\..\..\usr\local\lib\;CMake Files\..\..\..\..\..\..\usr\local\lib\cmake\;CMake Files\..\..\..\..\..\..\usr\local\lib\cmake\docopt\;"/>
		<Build>
			<Target title="all">
				<Option working_dir="/home/todd/work/Developer/C++/coreutils-cpp"/>
				<Option type="4"/>
				<MakeCommands>
					<Build command="/usr/bin/make -f &quot;/home/todd/work/Developer/C++/coreutils-cpp/Makefile&quot;  VERBOSE=1 all"/>
					<CompileFile command="/usr/bin/make -f &quot;/home/todd/work/Developer/C++/coreutils-cpp/Makefile&quot;  VERBOSE=1 &quot;$file&quot;"/>
					<Clean command="/usr/bin/make -f &quot;/home/todd/work/Developer/C++/coreutils-cpp/Makefile&quot;  VERBOSE=1 clean"/>
					<DistClean command="/usr/bin/make -f &quot;/home/todd/work/Developer/C++/coreutils-cpp/Makefile&quot;  VERBOSE=1 clean"/>
				</MakeCommands>
			</Target>
			<Target title="rebuild_cache">
				<Option working_dir="/home/todd/work/Developer/C++/coreutils-cpp"/>
				<Option type="4"/>
				<MakeCommands>
					<Build command="/usr/bin/make -f &quot;/home/todd/work/Developer/C++/coreutils-cpp/Makefile&quot;  VERBOSE=1 rebuild_cache"/>
					<CompileFile command="/usr/bin/make -f &quot;/home/todd/work/Developer/C++/coreutils-cpp/Makefile&quot;  VERBOSE=1 &quot;$file&quot;"/>
					<Clean command="/usr/bin/make -f &quot;/home/todd/work/Developer/C++/coreutils-cpp/Makefile&quot;  VERBOSE=1 clean"/>
					<DistClean command="/usr/bin/make -f &quot;/home/todd/work/Developer/C++/coreutils-cpp/Makefile&quot;  VERBOSE=1 clean"/>
				</MakeCommands>
			</Target>
			<Target title="edit_cache">
				<Option working_dir="/home/todd/work/Developer/C++/coreutils-cpp"/>
				<Option type="4"/>
				<MakeCommands>
					<Build command="/usr/bin/make -f &quot;/home/todd/work/Developer/C++/coreutils-cpp/Makefile&quot;  VERBOSE=1 edit_cache"/>
					<CompileFile command="/usr/bin/make -f &quot;/home/todd/work/Developer/C++/coreutils-cpp/Makefile&quot;  VERBOSE=1 &quot;$file&quot;"/>
					<Clean command="/usr/bin/make -f &quot;/home/todd/work/Developer/C++/coreutils-cpp/Makefile&quot;  VERBOSE=1 clean"/>
					<DistClean command="/usr/bin/make -f &quot;/home/todd/work/Developer/C++/coreutils-cpp/Makefile&quot;  VERBOSE=1 clean"/>
				</MakeCommands>
			</Target>
			<Target title="echo">
				<Option output="/home/todd/work/Developer/C++/coreutils-cpp/build/echo" prefix_auto="0" extension_auto="0"/>
				<Option working_dir="build"/>
				<Option object_output="./"/>
				<Option type="1"/>
				<Option compiler="gcc"/>
				<Compiler>
					<Add directory="/home/todd/work/Developer/C++/coreutils-cpp/src/include"/>
				</Compiler>
				<MakeCommands>
					<Build command="/usr/bin/make -f &quot;/home/todd/work/Developer/C++/coreutils-cpp/Makefile&quot;  VERBOSE=1 echo"/>
					<CompileFile command="/usr/bin/make -f &quot;/home/todd/work/Developer/C++/coreutils-cpp/Makefile&quot;  VERBOSE=1 &quot;$file&quot;"/>
					<Clean command="/usr/bin/make -f &quot;/home/todd/work/Developer/C++/coreutils-cpp/Makefile&quot;  VERBOSE=1 clean"/>
					<DistClean command="/usr/bin/make -f &quot;/home/todd/work/Developer/C++/coreutils-cpp/Makefile&quot;  VERBOSE=1 clean"/>
				</MakeCommands>
			</Target>
			<Target title="echo/fast">
				<Option output="/home/todd/work/Developer/C++/coreutils-cpp/build/echo" prefix_auto="0" extension_auto="0"/>
				<Option working_dir="build"/>
				<Option object_output="./"/>
				<Option type="1"/>
				<Option compiler="gcc"/>
				<Compiler>
					<Add directory="/home/todd/work/Developer/C++/coreutils-cpp/src/include"/>
				</Compiler>
				<MakeCommands>
					<Build command="/usr/bin/make -f &quot;/home/todd/work/Developer/C++/coreutils-cpp/Makefile&quot;  VERBOSE=1 echo/fast"/>
					<CompileFile command="/usr/bin/make -f &quot;/home/todd/work/Developer/C++/coreutils-cpp/Makefile&quot;  VERBOSE=1 &quot;$file&quot;"/>
					<Clean command="/usr/bin/make -f &quot;/home/todd/work/Developer/C++/coreutils-cpp/Makefile&quot;  VERBOSE=1 clean"/>
					<DistClean command="/usr/bin/make -f &quot;/home/todd/work/Developer/C++/coreutils-cpp/Makefile&quot;  VERBOSE=1 clean"/>
				</MakeCommands>
			</Target>
			<Target title="ut_getoptions">
				<Option output="/home/todd/work/Developer/C++/coreutils-cpp/build/ut_getoptions" prefix_auto="0" extension_auto="0"/>
				<Option working_dir="build"/>
				<Option object_output="./"/>
				<Option type="1"/>
				<Option compiler="gcc"/>
				<Compiler>
					<Add directory="/home/todd/work/Developer/C++/coreutils-cpp/src/include"/>
				</Compiler>
				<MakeCommands>
					<Build command="/usr/bin/make -f &quot;/home/todd/work/Developer/C++/coreutils-cpp/Makefile&quot;  VERBOSE=1 ut_getoptions"/>
					<CompileFile command="/usr/bin/make -f &quot;/home/todd/work/Developer/C++/coreutils-cpp/Makefile&quot;  VERBOSE=1 &quot;$file&quot;"/>
					<Clean command="/usr/bin/make -f &quot;/home/todd/work/Developer/C++/coreutils-cpp/Makefile&quot;  VERBOSE=1 clean"/>
					<DistClean command="/usr/bin/make -f &quot;/home/todd/work/Developer/C++/coreutils-cpp/Makefile&quot;  VERBOSE=1 clean"/>
				</MakeCommands>
			</Target>
			<Target title="ut_getoptions/fast">
				<Option output="/home/todd/work/Developer/C++/coreutils-cpp/build/ut_getoptions" prefix_auto="0" extension_auto="0"/>
				<Option working_dir="build"/>
				<Option object_output="./"/>
				<Option type="1"/>
				<Option compiler="gcc"/>
				<Compiler>
					<Add directory="/home/todd/work/Developer/C++/coreutils-cpp/src/include"/>
				</Compiler>
				<MakeCommands>
					<Build command="/usr/bin/make -f &quot;/home/todd/work/Developer/C++/coreutils-cpp/Makefile&quot;  VERBOSE=1 ut_getoptions/fast"/>
					<CompileFile command="/usr/bin/make -f &quot;/home/todd/work/Developer/C++/coreutils-cpp/Makefile&quot;  VERBOSE=1 &quot;$file&quot;"/>
					<Clean command="/usr/bin/make -f &quot;/home/todd/work/Developer/C++/coreutils-cpp/Makefile&quot;  VERBOSE=1 clean"/>
					<DistClean command="/usr/bin/make -f &quot;/home/todd/work/Developer/C++/coreutils-cpp/Makefile&quot;  VERBOSE=1 clean"/>
				</MakeCommands>
			</Target>
		</Build>
		<Unit filename="/home/todd/work/Developer/C++/coreutils-cpp/src/echo.cpp">
			<Option target="echo"/>
		</Unit>
		<Unit filename="/home/todd/work/Developer/C++/coreutils-cpp/src/include/getoptions.h">
			<Option target="echo"/>
			<Option target="ut_getoptions"/>
		</Unit>
		<Unit filename="/home/todd/work/Developer/C++/coreutils-cpp/src/include/globals.h">
			<Option target="echo"/>
			<Option target="ut_getoptions"/>
		</Unit>
		<Unit filename="/home/todd/work/Developer/C++/coreutils-cpp/src/tests/ut_getoptions.cpp">
			<Option target="ut_getoptions"/>
		</Unit>
		<Unit filename="/home/todd/work/Developer/C++/coreutils-cpp/CMakeLists.txt">
			<Option virtualFolder="CMake Files\"/>
		</Unit>
		<Unit filename="/home/todd/work/Developer/C++/coreutils-cpp/../../../../../../usr/local/lib/cmake/docopt/docopt-config-version.cmake">
			<Option virtualFolder="CMake Files\..\..\..\..\..\..\usr\local\lib\cmake\docopt\"/>
		</Unit>
		<Unit filename="/home/todd/work/Developer/C++/coreutils-cpp/../../../../../../usr/local/lib/cmake/docopt/docopt-config.cmake">
			<Option virtualFolder="CMake Files\..\..\..\..\..\..\usr\local\lib\cmake\docopt\"/>
		</Unit>
		<Unit filename="/home/todd/work/Developer/C++/coreutils-cpp/../../../../../../usr/local/lib/cmake/docopt/docopt-targets-noconfig.cmake">
			<Option virtualFolder="CMake Files\..\..\..\..\..\..\usr\local\lib\cmake\docopt\"/>
		</Unit>
		<Unit filename="/home/todd/work/Developer/C++/coreutils-cpp/../../../../../../usr/local/lib/cmake/docopt/docopt-targets.cmake">
			<Option virtualFolder="CMake Files\..\..\..\..\..\..\usr\local\lib\cmake\docopt\"/>
		</Unit>
	</Project>
</CodeBlocks_project_file>
